
Microsoft Visual Studio Solution File, Format Version 12.00
# Visual Studio Version 16
VisualStudioVersion = 16.0.29613.14
MinimumVisualStudioVersion = 10.0.40219.1
Project("{FAE04EC0-301F-11D3-BF4B-00C04F79EFBC}") = "PrivateSchool", "PrivateSchool\PrivateSchool.csproj", "{0091AA3B-7F91-4E60-B1AE-B64C87AC5E1F}"
EndProject
Global
	GlobalSection(SolutionConfigurationPlatforms) = preSolution
		Debug|Any CPU = Debug|Any CPU
		Release|Any CPU = Release|Any CPU
	EndGlobalSection
	GlobalSection(ProjectConfigurationPlatforms) = postSolution
		{0091AA3B-7F91-4E60-B1AE-B64C87AC5E1F}.Debug|Any CPU.ActiveCfg = Debug|Any CPU
		{0091AA3B-7F91-4E60-B1AE-B64C87AC5E1F}.Debug|Any CPU.Build.0 = Debug|Any CPU
		{0091AA3B-7F91-4E60-B1AE-B64C87AC5E1F}.Release|Any CPU.ActiveCfg = Release|Any CPU
		{0091AA3B-7F91-4E60-B1AE-B64C87AC5E1F}.Release|Any CPU.Build.0 = Release|Any CPU
	EndGlobalSection
	GlobalSection(SolutionProperties) = preSolution
		HideSolutionNode = FALSE
	EndGlobalSection
	GlobalSection(ExtensibilityGlobals) = postSolution
		SolutionGuid = {6101F850-3E68-454E-8E71-5994BA8FF175}
	EndGlobalSection
EndGlobal
